// !$*UTF8*$!
{
	archiveVersion = 1;
	classes = {
	};
	objectVersion = 77;
	objects = {

/* Begin PBXBuildFile section */
		AC00000100000001000000AC /* SVGPath in Frameworks */ = {isa = PBXBuildFile; productRef = AC00000200000002000000AC /* SVGPath */; };
		AC00000300000003000000AC /* AnotarCanvas.framework in Frameworks */ = {isa = PBXBuildFile; fileRef = AC00000400000004000000AC /* AnotarCanvas.framework */; };
		AC00000500000005000000AC /* AnotarCanvas.framework in Embed Frameworks */ = {isa = PBXBuildFile; fileRef = AC00000400000004000000AC /* AnotarCanvas.framework */; settings = {ATTRIBUTES = (CodeSignOnCopy, RemoveHeadersOnCopy, ); }; };
		FF0B65021EABCDEF00310EBB /* SVGPath in Frameworks */ = {isa = PBXBuildFile; productRef = FF0B65031EABCDEF00310EBB /* SVGPath */; };
/* End PBXBuildFile section */

/* Begin PBXContainerItemProxy section */
		AC00000600000006000000AC /* PBXContainerItemProxy */ = {
			isa = PBXContainerItemProxy;
			containerPortal = FF0B34312EEABCA300310EBB /* Project object */;
			proxyType = 1;
			remoteGlobalIDString = AC00000700000007000000AC;
			remoteInfo = AnotarCanvas;
		};
		FF0B34492EEABCA500310EBB /* PBXContainerItemProxy */ = {
			isa = PBXContainerItemProxy;
			containerPortal = FF0B34312EEABCA300310EBB /* Project object */;
			proxyType = 1;
			remoteGlobalIDString = FF0B34382EEABCA300310EBB;
			remoteInfo = texttool;
		};
		FF0B34532EEABCA500310EBB /* PBXContainerItemProxy */ = {
			isa = PBXContainerItemProxy;
			containerPortal = FF0B34312EEABCA300310EBB /* Project object */;
			proxyType = 1;
			remoteGlobalIDString = FF0B34382EEABCA300310EBB;
			remoteInfo = texttool;
		};
/* End PBXContainerItemProxy section */

/* Begin PBXCopyFilesBuildPhase section */
		AC00000800000008000000AC /* Embed Frameworks */ = {
			isa = PBXCopyFilesBuildPhase;
			buildActionMask = 2147483647;
			dstPath = "";
			dstSubfolderSpec = 10;
			files = (
				AC00000500000005000000AC /* AnotarCanvas.framework in Embed Frameworks */,
			);
			name = "Embed Frameworks";
			runOnlyForDeploymentPostprocessing = 0;
		};
/* End PBXCopyFilesBuildPhase section */

/* Begin PBXFileReference section */
		AC00000400000004000000AC /* AnotarCanvas.framework */ = {isa = PBXFileReference; explicitFileType = wrapper.framework; includeInIndex = 0; path = AnotarCanvas.framework; sourceTree = BUILT_PRODUCTS_DIR; };
		FF0B34392EEABCA300310EBB /* texttool.app */ = {isa = PBXFileReference; explicitFileType = wrapper.application; includeInIndex = 0; path = texttool.app; sourceTree = BUILT_PRODUCTS_DIR; };
		FF0B34482EEABCA500310EBB /* texttoolTests.xctest */ = {isa = PBXFileReference; explicitFileType = wrapper.cfbundle; includeInIndex = 0; path = texttoolTests.xctest; sourceTree = BUILT_PRODUCTS_DIR; };
		FF0B34522EEABCA500310EBB /* texttoolUITests.xctest */ = {isa = PBXFileReference; explicitFileType = wrapper.cfbundle; includeInIndex = 0; path = texttoolUITests.xctest; sourceTree = BUILT_PRODUCTS_DIR; };
/* End PBXFileReference section */

/* Begin PBXFileSystemSynchronizedRootGroup section */
		AC00000900000009000000AC /* AnotarCanvas */ = {
			isa = PBXFileSystemSynchronizedRootGroup;
			path = AnotarCanvas;
			sourceTree = "<group>";
		};
		FF0B343B2EEABCA300310EBB /* texttool */ = {
			isa = PBXFileSystemSynchronizedRootGroup;
			path = texttool;
			sourceTree = "<group>";
		};
		FF0B344B2EEABCA500310EBB /* texttoolTests */ = {
			isa = PBXFileSystemSynchronizedRootGroup;
			path = texttoolTests;
			sourceTree = "<group>";
		};
		FF0B34552EEABCA500310EBB /* texttoolUITests */ = {
			isa = PBXFileSystemSynchronizedRootGroup;
			path = texttoolUITests;
			sourceTree = "<group>";
		};
/* End PBXFileSystemSynchronizedRootGroup section */

/* Begin PBXFrameworksBuildPhase section */
		AC0000100000001000000AC0 /* Frameworks */ = {
			isa = PBXFrameworksBuildPhase;
			buildActionMask = 2147483647;
			files = (
				AC00000100000001000000AC /* SVGPath in Frameworks */,
			);
			runOnlyForDeploymentPostprocessing = 0;
		};
		FF0B34362EEABCA300310EBB /* Frameworks */ = {
			isa = PBXFrameworksBuildPhase;
			buildActionMask = 2147483647;
			files = (
				AC00000300000003000000AC /* AnotarCanvas.framework in Frameworks */,
			);
			runOnlyForDeploymentPostprocessing = 0;
		};
		FF0B34452EEABCA500310EBB /* Frameworks */ = {
			isa = PBXFrameworksBuildPhase;
			buildActionMask = 2147483647;
			files = (
				FF0B65021EABCDEF00310EBB /* SVGPath in Frameworks */,
			);
			runOnlyForDeploymentPostprocessing = 0;
		};
		FF0B344F2EEABCA500310EBB /* Frameworks */ = {
			isa = PBXFrameworksBuildPhase;
			buildActionMask = 2147483647;
			files = (
			);
			runOnlyForDeploymentPostprocessing = 0;
		};
/* End PBXFrameworksBuildPhase section */

/* Begin PBXGroup section */
		FF0B34302EEABCA300310EBB = {
			isa = PBXGroup;
			children = (
				AC00000900000009000000AC /* AnotarCanvas */,
				FF0B343B2EEABCA300310EBB /* texttool */,
				FF0B344B2EEABCA500310EBB /* texttoolTests */,
				FF0B34552EEABCA500310EBB /* texttoolUITests */,
				FF0B343A2EEABCA300310EBB /* Products */,
			);
			sourceTree = "<group>";
		};
		FF0B343A2EEABCA300310EBB /* Products */ = {
			isa = PBXGroup;
			children = (
				AC00000400000004000000AC /* AnotarCanvas.framework */,
				FF0B34392EEABCA300310EBB /* texttool.app */,
				FF0B34482EEABCA500310EBB /* texttoolTests.xctest */,
				FF0B34522EEABCA500310EBB /* texttoolUITests.xctest */,
			);
			name = Products;
			sourceTree = "<group>";
		};
/* End PBXGroup section */

/* Begin PBXNativeTarget section */
		AC00000700000007000000AC /* AnotarCanvas */ = {
			isa = PBXNativeTarget;
			buildConfigurationList = AC0000110000001100000AC0 /* Build configuration list for PBXNativeTarget "AnotarCanvas" */;
			buildPhases = (
				AC0000120000001200000AC0 /* Sources */,
				AC0000100000001000000AC0 /* Frameworks */,
				AC0000130000001300000AC0 /* Resources */,
			);
			buildRules = (
			);
			dependencies = (
			);
			fileSystemSynchronizedGroups = (
				AC00000900000009000000AC /* AnotarCanvas */,
			);
			name = AnotarCanvas;
			packageProductDependencies = (
				AC00000200000002000000AC /* SVGPath */,
			);
			productName = AnotarCanvas;
			productReference = AC00000400000004000000AC /* AnotarCanvas.framework */;
			productType = "com.apple.product-type.framework";
		};
		FF0B34382EEABCA300310EBB /* texttool */ = {
			isa = PBXNativeTarget;
			buildConfigurationList = FF0B345C2EEABCA500310EBB /* Build configuration list for PBXNativeTarget "texttool" */;
			buildPhases = (
				FF0B34352EEABCA300310EBB /* Sources */,
				FF0B34362EEABCA300310EBB /* Frameworks */,
				FF0B34372EEABCA300310EBB /* Resources */,
				AC00000800000008000000AC /* Embed Frameworks */,
			);
			buildRules = (
			);
			dependencies = (
				AC0000140000001400000AC0 /* PBXTargetDependency */,
			);
			fileSystemSynchronizedGroups = (
				FF0B343B2EEABCA300310EBB /* texttool */,
			);
			name = texttool;
			packageProductDependencies = (
			);
			productName = texttool;
			productReference = FF0B34392EEABCA300310EBB /* texttool.app */;
			productType = "com.apple.product-type.application";
		};
		FF0B34472EEABCA500310EBB /* texttoolTests */ = {
			isa = PBXNativeTarget;
			buildConfigurationList = FF0B345F2EEABCA500310EBB /* Build configuration list for PBXNativeTarget "texttoolTests" */;
			buildPhases = (
				FF0B34442EEABCA500310EBB /* Sources */,
				FF0B34452EEABCA500310EBB /* Frameworks */,
				FF0B34462EEABCA500310EBB /* Resources */,
			);
			buildRules = (
			);
			dependencies = (
				FF0B344A2EEABCA500310EBB /* PBXTargetDependency */,
			);
			fileSystemSynchronizedGroups = (
				FF0B344B2EEABCA500310EBB /* texttoolTests */,
			);
			name = texttoolTests;
			packageProductDependencies = (
				FF0B65031EABCDEF00310EBB /* SVGPath */,
			);
			productName = texttoolTests;
			productReference = FF0B34482EEABCA500310EBB /* texttoolTests.xctest */;
			productType = "com.apple.product-type.bundle.unit-test";
		};
		FF0B34512EEABCA500310EBB /* texttoolUITests */ = {
			isa = PBXNativeTarget;
			buildConfigurationList = FF0B34622EEABCA500310EBB /* Build configuration list for PBXNativeTarget "texttoolUITests" */;
			buildPhases = (
				FF0B344E2EEABCA500310EBB /* Sources */,
				FF0B344F2EEABCA500310EBB /* Frameworks */,
				FF0B34502EEABCA500310EBB /* Resources */,
			);
			buildRules = (
			);
			dependencies = (
				FF0B34542EEABCA500310EBB /* PBXTargetDependency */,
			);
			fileSystemSynchronizedGroups = (
				FF0B34552EEABCA500310EBB /* texttoolUITests */,
			);
			name = texttoolUITests;
			packageProductDependencies = (
			);
			productName = texttoolUITests;
			productReference = FF0B34522EEABCA500310EBB /* texttoolUITests.xctest */;
			productType = "com.apple.product-type.bundle.ui-testing";
		};
/* End PBXNativeTarget section */

/* Begin PBXProject section */
		FF0B34312EEABCA300310EBB /* Project object */ = {
			isa = PBXProject;
			attributes = {
				BuildIndependentTargetsInParallel = 1;
				LastSwiftUpdateCheck = 2610;
				LastUpgradeCheck = 2610;
				TargetAttributes = {
					AC00000700000007000000AC = {
						CreatedOnToolsVersion = 26.1.1;
					};
					FF0B34382EEABCA300310EBB = {
						CreatedOnToolsVersion = 26.1.1;
					};
					FF0B34472EEABCA500310EBB = {
						CreatedOnToolsVersion = 26.1.1;
						TestTargetID = FF0B34382EEABCA300310EBB;
					};
					FF0B34512EEABCA500310EBB = {
						CreatedOnToolsVersion = 26.1.1;
						TestTargetID = FF0B34382EEABCA300310EBB;
					};
				};
			};
			buildConfigurationList = FF0B34342EEABCA300310EBB /* Build configuration list for PBXProject "texttool" */;
			developmentRegion = en;
			hasScannedForEncodings = 0;
			knownRegions = (
				en,
				Base,
			);
			mainGroup = FF0B34302EEABCA300310EBB;
			minimizedProjectReferenceProxies = 1;
			packageReferences = (
				FF0B65041EABCDEF00310EBB /* XCRemoteSwiftPackageReference "SVGPath" */,
			);
			preferredProjectObjectVersion = 77;
			productRefGroup = FF0B343A2EEABCA300310EBB /* Products */;
			projectDirPath = "";
			projectRoot = "";
			targets = (
				AC00000700000007000000AC /* AnotarCanvas */,
				FF0B34382EEABCA300310EBB /* texttool */,
				FF0B34472EEABCA500310EBB /* texttoolTests */,
				FF0B34512EEABCA500310EBB /* texttoolUITests */,
			);
		};
/* End PBXProject section */

/* Begin PBXResourcesBuildPhase section */
		AC0000130000001300000AC0 /* Resources */ = {
			isa = PBXResourcesBuildPhase;
			buildActionMask = 2147483647;
			files = (
			);
			runOnlyForDeploymentPostprocessing = 0;
		};
		FF0B34372EEABCA300310EBB /* Resources */ = {
			isa = PBXResourcesBuildPhase;
			buildActionMask = 2147483647;
			files = (
			);
			runOnlyForDeploymentPostprocessing = 0;
		};
		FF0B34462EEABCA500310EBB /* Resources */ = {
			isa = PBXResourcesBuildPhase;
			buildActionMask = 2147483647;
			files = (
			);
			runOnlyForDeploymentPostprocessing = 0;
		};
		FF0B34502EEABCA500310EBB /* Resources */ = {
			isa = PBXResourcesBuildPhase;
			buildActionMask = 2147483647;
			files = (
			);
			runOnlyForDeploymentPostprocessing = 0;
		};
/* End PBXResourcesBuildPhase section */

/* Begin PBXSourcesBuildPhase section */
		AC0000120000001200000AC0 /* Sources */ = {
			isa = PBXSourcesBuildPhase;
			buildActionMask = 2147483647;
			files = (
			);
			runOnlyForDeploymentPostprocessing = 0;
		};
		FF0B34352EEABCA300310EBB /* Sources */ = {
			isa = PBXSourcesBuildPhase;
			buildActionMask = 2147483647;
			files = (
			);
			runOnlyForDeploymentPostprocessing = 0;
		};
		FF0B34442EEABCA500310EBB /* Sources */ = {
			isa = PBXSourcesBuildPhase;
			buildActionMask = 2147483647;
			files = (
			);
			runOnlyForDeploymentPostprocessing = 0;
		};
		FF0B344E2EEABCA500310EBB /* Sources */ = {
			isa = PBXSourcesBuildPhase;
			buildActionMask = 2147483647;
			files = (
			);
			runOnlyForDeploymentPostprocessing = 0;
		};
/* End PBXSourcesBuildPhase section */

/* Begin PBXTargetDependency section */
		AC0000140000001400000AC0 /* PBXTargetDependency */ = {
			isa = PBXTargetDependency;
			target = AC00000700000007000000AC /* AnotarCanvas */;
			targetProxy = AC00000600000006000000AC /* PBXContainerItemProxy */;
		};
		FF0B344A2EEABCA500310EBB /* PBXTargetDependency */ = {
			isa = PBXTargetDependency;
			target = FF0B34382EEABCA300310EBB /* texttool */;
			targetProxy = FF0B34492EEABCA500310EBB /* PBXContainerItemProxy */;
		};
		FF0B34542EEABCA500310EBB /* PBXTargetDependency */ = {
			isa = PBXTargetDependency;
			target = FF0B34382EEABCA300310EBB /* texttool */;
			targetProxy = FF0B34532EEABCA500310EBB /* PBXContainerItemProxy */;
		};
/* End PBXTargetDependency section */

/* Begin XCBuildConfiguration section */
		AC0000150000001500000AC0 /* Debug */ = {
			isa = XCBuildConfiguration;
			buildSettings = {
				CODE_SIGN_STYLE = Automatic;
				COMBINE_HIDPI_IMAGES = YES;
				CURRENT_PROJECT_VERSION = 1;
				DEFINES_MODULE = YES;
				DEVELOPMENT_TEAM = 965F2J8B9J;
				DYLIB_COMPATIBILITY_VERSION = 1;
				DYLIB_CURRENT_VERSION = 1;
				DYLIB_INSTALL_NAME_BASE = "@rpath";
				ENABLE_MODULE_VERIFIER = YES;
				GENERATE_INFOPLIST_FILE = YES;
				INFOPLIST_KEY_NSHumanReadableCopyright = "";
				INSTALL_PATH = "$(LOCAL_LIBRARY_DIR)/Frameworks";
				LD_RUNPATH_SEARCH_PATHS = (
					"$(inherited)",
					"@executable_path/../Frameworks",
					"@loader_path/Frameworks",
				);
				MACOSX_DEPLOYMENT_TARGET = 26.1;
				MARKETING_VERSION = 1.0;
				MODULE_VERIFIER_SUPPORTED_LANGUAGES = "objective-c objective-c++";
				MODULE_VERIFIER_SUPPORTED_LANGUAGE_STANDARDS = "gnu17 gnu++20";
				PRODUCT_BUNDLE_IDENTIFIER = co.onekg.AnotarCanvas;
				PRODUCT_NAME = "$(TARGET_NAME:c99extidentifier)";
				SKIP_INSTALL = YES;
				SWIFT_APPROACHABLE_CONCURRENCY = YES;
				SWIFT_DEFAULT_ACTOR_ISOLATION = MainActor;
				SWIFT_EMIT_LOC_STRINGS = YES;
				SWIFT_UPCOMING_FEATURE_MEMBER_IMPORT_VISIBILITY = YES;
				SWIFT_VERSION = 5.0;
			};
			name = Debug;
		};
		AC0000160000001600000AC0 /* Release */ = {
			isa = XCBuildConfiguration;
			buildSettings = {
				CODE_SIGN_STYLE = Automatic;
				COMBINE_HIDPI_IMAGES = YES;
				CURRENT_PROJECT_VERSION = 1;
				DEFINES_MODULE = YES;
				DEVELOPMENT_TEAM = 965F2J8B9J;
				DYLIB_COMPATIBILITY_VERSION = 1;
				DYLIB_CURRENT_VERSION = 1;
				DYLIB_INSTALL_NAME_BASE = "@rpath";
				ENABLE_MODULE_VERIFIER = YES;
				GENERATE_INFOPLIST_FILE = YES;
				INFOPLIST_KEY_NSHumanReadableCopyright = "";
				INSTALL_PATH = "$(LOCAL_LIBRARY_DIR)/Frameworks";
				LD_RUNPATH_SEARCH_PATHS = (
					"$(inherited)",
					"@executable_path/../Frameworks",
					"@loader_path/Frameworks",
				);
				MACOSX_DEPLOYMENT_TARGET = 26.1;
				MARKETING_VERSION = 1.0;
				MODULE_VERIFIER_SUPPORTED_LANGUAGES = "objective-c objective-c++";
				MODULE_VERIFIER_SUPPORTED_LANGUAGE_STANDARDS = "gnu17 gnu++20";
				PRODUCT_BUNDLE_IDENTIFIER = co.onekg.AnotarCanvas;
				PRODUCT_NAME = "$(TARGET_NAME:c99extidentifier)";
				SKIP_INSTALL = YES;
				SWIFT_APPROACHABLE_CONCURRENCY = YES;
				SWIFT_DEFAULT_ACTOR_ISOLATION = MainActor;
				SWIFT_EMIT_LOC_STRINGS = YES;
				SWIFT_UPCOMING_FEATURE_MEMBER_IMPORT_VISIBILITY = YES;
				SWIFT_VERSION = 5.0;
			};
			name = Release;
		};
		FF0B345A2EEABCA500310EBB /* Debug */ = {
			isa = XCBuildConfiguration;
			buildSettings = {
				ALWAYS_SEARCH_USER_PATHS = NO;
				ASSETCATALOG_COMPILER_GENERATE_SWIFT_ASSET_SYMBOL_EXTENSIONS = YES;
				CLANG_ANALYZER_NONNULL = YES;
				CLANG_ANALYZER_NUMBER_OBJECT_CONVERSION = YES_AGGRESSIVE;
				CLANG_CXX_LANGUAGE_STANDARD = "gnu++20";
				CLANG_ENABLE_MODULES = YES;
				CLANG_ENABLE_OBJC_ARC = YES;
				CLANG_ENABLE_OBJC_WEAK = YES;
				CLANG_WARN_BLOCK_CAPTURE_AUTORELEASING = YES;
				CLANG_WARN_BOOL_CONVERSION = YES;
				CLANG_WARN_COMMA = YES;
				CLANG_WARN_CONSTANT_CONVERSION = YES;
				CLANG_WARN_DEPRECATED_OBJC_IMPLEMENTATIONS = YES;
				CLANG_WARN_DIRECT_OBJC_ISA_USAGE = YES_ERROR;
				CLANG_WARN_DOCUMENTATION_COMMENTS = YES;
				CLANG_WARN_EMPTY_BODY = YES;
				CLANG_WARN_ENUM_CONVERSION = YES;
				CLANG_WARN_INFINITE_RECURSION = YES;
				CLANG_WARN_INT_CONVERSION = YES;
				CLANG_WARN_NON_LITERAL_NULL_CONVERSION = YES;
				CLANG_WARN_OBJC_IMPLICIT_RETAIN_SELF = YES;
				CLANG_WARN_OBJC_LITERAL_CONVERSION = YES;
				CLANG_WARN_OBJC_ROOT_CLASS = YES_ERROR;
				CLANG_WARN_QUOTED_INCLUDE_IN_FRAMEWORK_HEADER = YES;
				CLANG_WARN_RANGE_LOOP_ANALYSIS = YES;
				CLANG_WARN_STRICT_PROTOTYPES = YES;
				CLANG_WARN_SUSPICIOUS_MOVE = YES;
				CLANG_WARN_UNGUARDED_AVAILABILITY = YES_AGGRESSIVE;
				CLANG_WARN_UNREACHABLE_CODE = YES;
				CLANG_WARN__DUPLICATE_METHOD_MATCH = YES;
				COPY_PHASE_STRIP = NO;
				DEBUG_INFORMATION_FORMAT = dwarf;
				DEVELOPMENT_TEAM = 965F2J8B9J;
				ENABLE_STRICT_OBJC_MSGSEND = YES;
				ENABLE_TESTABILITY = YES;
				ENABLE_USER_SCRIPT_SANDBOXING = YES;
				GCC_C_LANGUAGE_STANDARD = gnu17;
				GCC_DYNAMIC_NO_PIC = NO;
				GCC_NO_COMMON_BLOCKS = YES;
				GCC_OPTIMIZATION_LEVEL = 0;
				GCC_PREPROCESSOR_DEFINITIONS = (
					"DEBUG=1",
					"$(inherited)",
				);
				GCC_WARN_64_TO_32_BIT_CONVERSION = YES;
				GCC_WARN_ABOUT_RETURN_TYPE = YES_ERROR;
				GCC_WARN_UNDECLARED_SELECTOR = YES;
				GCC_WARN_UNINITIALIZED_AUTOS = YES_AGGRESSIVE;
				GCC_WARN_UNUSED_FUNCTION = YES;
				GCC_WARN_UNUSED_VARIABLE = YES;
				LOCALIZATION_PREFERS_STRING_CATALOGS = YES;
				MACOSX_DEPLOYMENT_TARGET = 26.1;
				MTL_ENABLE_DEBUG_INFO = INCLUDE_SOURCE;
				MTL_FAST_MATH = YES;
				ONLY_ACTIVE_ARCH = YES;
				SDKROOT = macosx;
				SWIFT_ACTIVE_COMPILATION_CONDITIONS = "DEBUG $(inherited)";
				SWIFT_OPTIMIZATION_LEVEL = "-Onone";
			};
			name = Debug;
		};
		FF0B345B2EEABCA500310EBB /* Release */ = {
			isa = XCBuildConfiguration;
			buildSettings = {
				ALWAYS_SEARCH_USER_PATHS = NO;
				ASSETCATALOG_COMPILER_GENERATE_SWIFT_ASSET_SYMBOL_EXTENSIONS = YES;
				CLANG_ANALYZER_NONNULL = YES;
				CLANG_ANALYZER_NUMBER_OBJECT_CONVERSION = YES_AGGRESSIVE;
				CLANG_CXX_LANGUAGE_STANDARD = "gnu++20";
				CLANG_ENABLE_MODULES = YES;
				CLANG_ENABLE_OBJC_ARC = YES;
				CLANG_ENABLE_OBJC_WEAK = YES;
				CLANG_WARN_BLOCK_CAPTURE_AUTORELEASING = YES;
				CLANG_WARN_BOOL_CONVERSION = YES;
				CLANG_WARN_COMMA = YES;
				CLANG_WARN_CONSTANT_CONVERSION = YES;
				CLANG_WARN_DEPRECATED_OBJC_IMPLEMENTATIONS = YES;
				CLANG_WARN_DIRECT_OBJC_ISA_USAGE = YES_ERROR;
				CLANG_WARN_DOCUMENTATION_COMMENTS = YES;
				CLANG_WARN_EMPTY_BODY = YES;
				CLANG_WARN_ENUM_CONVERSION = YES;
				CLANG_WARN_INFINITE_RECURSION = YES;
				CLANG_WARN_INT_CONVERSION = YES;
				CLANG_WARN_NON_LITERAL_NULL_CONVERSION = YES;
				CLANG_WARN_OBJC_IMPLICIT_RETAIN_SELF = YES;
				CLANG_WARN_OBJC_LITERAL_CONVERSION = YES;
				CLANG_WARN_OBJC_ROOT_CLASS = YES_ERROR;
				CLANG_WARN_QUOTED_INCLUDE_IN_FRAMEWORK_HEADER = YES;
				CLANG_WARN_RANGE_LOOP_ANALYSIS = YES;
				CLANG_WARN_STRICT_PROTOTYPES = YES;
				CLANG_WARN_SUSPICIOUS_MOVE = YES;
				CLANG_WARN_UNGUARDED_AVAILABILITY = YES_AGGRESSIVE;
				CLANG_WARN_UNREACHABLE_CODE = YES;
				CLANG_WARN__DUPLICATE_METHOD_MATCH = YES;
				COPY_PHASE_STRIP = NO;
				DEBUG_INFORMATION_FORMAT = "dwarf-with-dsym";
				DEVELOPMENT_TEAM = 965F2J8B9J;
				ENABLE_NS_ASSERTIONS = NO;
				ENABLE_STRICT_OBJC_MSGSEND = YES;
				ENABLE_USER_SCRIPT_SANDBOXING = YES;
				GCC_C_LANGUAGE_STANDARD = gnu17;
				GCC_NO_COMMON_BLOCKS = YES;
				GCC_WARN_64_TO_32_BIT_CONVERSION = YES;
				GCC_WARN_ABOUT_RETURN_TYPE = YES_ERROR;
				GCC_WARN_UNDECLARED_SELECTOR = YES;
				GCC_WARN_UNINITIALIZED_AUTOS = YES_AGGRESSIVE;
				GCC_WARN_UNUSED_FUNCTION = YES;
				GCC_WARN_UNUSED_VARIABLE = YES;
				LOCALIZATION_PREFERS_STRING_CATALOGS = YES;
				MACOSX_DEPLOYMENT_TARGET = 26.1;
				MTL_ENABLE_DEBUG_INFO = NO;
				MTL_FAST_MATH = YES;
				SDKROOT = macosx;
				SWIFT_COMPILATION_MODE = wholemodule;
			};
			name = Release;
		};
		FF0B345D2EEABCA500310EBB /* Debug */ = {
			isa = XCBuildConfiguration;
			buildSettings = {
				ASSETCATALOG_COMPILER_APPICON_NAME = AppIcon;
				ASSETCATALOG_COMPILER_GLOBAL_ACCENT_COLOR_NAME = AccentColor;
				CODE_SIGN_ENTITLEMENTS = texttool/texttool.entitlements;
				CODE_SIGN_STYLE = Automatic;
				COMBINE_HIDPI_IMAGES = YES;
				CURRENT_PROJECT_VERSION = 1;
				DEVELOPMENT_TEAM = 965F2J8B9J;
				ENABLE_APP_SANDBOX = YES;
				ENABLE_HARDENED_RUNTIME = YES;
				ENABLE_PREVIEWS = YES;
				ENABLE_USER_SELECTED_FILES = readwrite;
				GENERATE_INFOPLIST_FILE = YES;
				INFOPLIST_KEY_NSHumanReadableCopyright = "";
				LD_RUNPATH_SEARCH_PATHS = (
					"$(inherited)",
					"@executable_path/../Frameworks",
				);
				MARKETING_VERSION = 1.0;
				PRODUCT_BUNDLE_IDENTIFIER = co.onekg.texttool;
				PRODUCT_NAME = "$(TARGET_NAME)";
				REGISTER_APP_GROUPS = YES;
				STRING_CATALOG_GENERATE_SYMBOLS = YES;
				SWIFT_APPROACHABLE_CONCURRENCY = YES;
				SWIFT_DEFAULT_ACTOR_ISOLATION = MainActor;
				SWIFT_EMIT_LOC_STRINGS = YES;
				SWIFT_UPCOMING_FEATURE_MEMBER_IMPORT_VISIBILITY = YES;
				SWIFT_VERSION = 5.0;
			};
			name = Debug;
		};
		FF0B345E2EEABCA500310EBB /* Release */ = {
			isa = XCBuildConfiguration;
			buildSettings = {
				ASSETCATALOG_COMPILER_APPICON_NAME = AppIcon;
				ASSETCATALOG_COMPILER_GLOBAL_ACCENT_COLOR_NAME = AccentColor;
				CODE_SIGN_ENTITLEMENTS = texttool/texttool.entitlements;
				CODE_SIGN_STYLE = Automatic;
				COMBINE_HIDPI_IMAGES = YES;
				CURRENT_PROJECT_VERSION = 1;
				DEVELOPMENT_TEAM = 965F2J8B9J;
				ENABLE_APP_SANDBOX = YES;
				ENABLE_HARDENED_RUNTIME = YES;
				ENABLE_PREVIEWS = YES;
				ENABLE_USER_SELECTED_FILES = readwrite;
				GENERATE_INFOPLIST_FILE = YES;
				INFOPLIST_KEY_NSHumanReadableCopyright = "";
				LD_RUNPATH_SEARCH_PATHS = (
					"$(inherited)",
					"@executable_path/../Frameworks",
				);
				MARKETING_VERSION = 1.0;
				PRODUCT_BUNDLE_IDENTIFIER = co.onekg.texttool;
				PRODUCT_NAME = "$(TARGET_NAME)";
				REGISTER_APP_GROUPS = YES;
				STRING_CATALOG_GENERATE_SYMBOLS = YES;
				SWIFT_APPROACHABLE_CONCURRENCY = YES;
				SWIFT_DEFAULT_ACTOR_ISOLATION = MainActor;
				SWIFT_EMIT_LOC_STRINGS = YES;
				SWIFT_UPCOMING_FEATURE_MEMBER_IMPORT_VISIBILITY = YES;
				SWIFT_VERSION = 5.0;
			};
			name = Release;
		};
		FF0B34602EEABCA500310EBB /* Debug */ = {
			isa = XCBuildConfiguration;
			buildSettings = {
				BUNDLE_LOADER = "$(TEST_HOST)";
				CODE_SIGN_STYLE = Automatic;
				CURRENT_PROJECT_VERSION = 1;
				DEVELOPMENT_TEAM = 965F2J8B9J;
				GENERATE_INFOPLIST_FILE = YES;
				MACOSX_DEPLOYMENT_TARGET = 26.1;
				MARKETING_VERSION = 1.0;
				PRODUCT_BUNDLE_IDENTIFIER = co.onekg.texttoolTests;
				PRODUCT_NAME = "$(TARGET_NAME)";
				STRING_CATALOG_GENERATE_SYMBOLS = NO;
				SWIFT_APPROACHABLE_CONCURRENCY = YES;
				SWIFT_EMIT_LOC_STRINGS = NO;
				SWIFT_UPCOMING_FEATURE_MEMBER_IMPORT_VISIBILITY = YES;
				SWIFT_VERSION = 5.0;
				TEST_HOST = "$(BUILT_PRODUCTS_DIR)/texttool.app/$(BUNDLE_EXECUTABLE_FOLDER_PATH)/texttool";
			};
			name = Debug;
		};
		FF0B34612EEABCA500310EBB /* Release */ = {
			isa = XCBuildConfiguration;
			buildSettings = {
				BUNDLE_LOADER = "$(TEST_HOST)";
				CODE_SIGN_STYLE = Automatic;
				CURRENT_PROJECT_VERSION = 1;
				DEVELOPMENT_TEAM = 965F2J8B9J;
				GENERATE_INFOPLIST_FILE = YES;
				MACOSX_DEPLOYMENT_TARGET = 26.1;
				MARKETING_VERSION = 1.0;
				PRODUCT_BUNDLE_IDENTIFIER = co.onekg.texttoolTests;
				PRODUCT_NAME = "$(TARGET_NAME)";
				STRING_CATALOG_GENERATE_SYMBOLS = NO;
				SWIFT_APPROACHABLE_CONCURRENCY = YES;
				SWIFT_EMIT_LOC_STRINGS = NO;
				SWIFT_UPCOMING_FEATURE_MEMBER_IMPORT_VISIBILITY = YES;
				SWIFT_VERSION = 5.0;
				TEST_HOST = "$(BUILT_PRODUCTS_DIR)/texttool.app/$(BUNDLE_EXECUTABLE_FOLDER_PATH)/texttool";
			};
			name = Release;
		};
		FF0B34632EEABCA500310EBB /* Debug */ = {
			isa = XCBuildConfiguration;
			buildSettings = {
				CODE_SIGN_STYLE = Automatic;
				CURRENT_PROJECT_VERSION = 1;
				DEVELOPMENT_TEAM = 965F2J8B9J;
				GENERATE_INFOPLIST_FILE = YES;
				MARKETING_VERSION = 1.0;
				PRODUCT_BUNDLE_IDENTIFIER = co.onekg.texttoolUITests;
				PRODUCT_NAME = "$(TARGET_NAME)";
				STRING_CATALOG_GENERATE_SYMBOLS = NO;
				SWIFT_APPROACHABLE_CONCURRENCY = YES;
				SWIFT_EMIT_LOC_STRINGS = NO;
				SWIFT_UPCOMING_FEATURE_MEMBER_IMPORT_VISIBILITY = YES;
				SWIFT_VERSION = 5.0;
				TEST_TARGET_NAME = texttool;
			};
			name = Debug;
		};
		FF0B34642EEABCA500310EBB /* Release */ = {
			isa = XCBuildConfiguration;
			buildSettings = {
				CODE_SIGN_STYLE = Automatic;
				CURRENT_PROJECT_VERSION = 1;
				DEVELOPMENT_TEAM = 965F2J8B9J;
				GENERATE_INFOPLIST_FILE = YES;
				MARKETING_VERSION = 1.0;
				PRODUCT_BUNDLE_IDENTIFIER = co.onekg.texttoolUITests;
				PRODUCT_NAME = "$(TARGET_NAME)";
				STRING_CATALOG_GENERATE_SYMBOLS = NO;
				SWIFT_APPROACHABLE_CONCURRENCY = YES;
				SWIFT_EMIT_LOC_STRINGS = NO;
				SWIFT_UPCOMING_FEATURE_MEMBER_IMPORT_VISIBILITY = YES;
				SWIFT_VERSION = 5.0;
				TEST_TARGET_NAME = texttool;
			};
			name = Release;
		};
/* End XCBuildConfiguration section */

/* Begin XCConfigurationList section */
		AC0000110000001100000AC0 /* Build configuration list for PBXNativeTarget "AnotarCanvas" */ = {
			isa = XCConfigurationList;
			buildConfigurations = (
				AC0000150000001500000AC0 /* Debug */,
				AC0000160000001600000AC0 /* Release */,
			);
			defaultConfigurationIsVisible = 0;
			defaultConfigurationName = Release;
		};
		FF0B34342EEABCA300310EBB /* Build configuration list for PBXProject "texttool" */ = {
			isa = XCConfigurationList;
			buildConfigurations = (
				FF0B345A2EEABCA500310EBB /* Debug */,
				FF0B345B2EEABCA500310EBB /* Release */,
			);
			defaultConfigurationIsVisible = 0;
			defaultConfigurationName = Release;
		};
		FF0B345C2EEABCA500310EBB /* Build configuration list for PBXNativeTarget "texttool" */ = {
			isa = XCConfigurationList;
			buildConfigurations = (
				FF0B345D2EEABCA500310EBB /* Debug */,
				FF0B345E2EEABCA500310EBB /* Release */,
			);
			defaultConfigurationIsVisible = 0;
			defaultConfigurationName = Release;
		};
		FF0B345F2EEABCA500310EBB /* Build configuration list for PBXNativeTarget "texttoolTests" */ = {
			isa = XCConfigurationList;
			buildConfigurations = (
				FF0B34602EEABCA500310EBB /* Debug */,
				FF0B34612EEABCA500310EBB /* Release */,
			);
			defaultConfigurationIsVisible = 0;
			defaultConfigurationName = Release;
		};
		FF0B34622EEABCA500310EBB /* Build configuration list for PBXNativeTarget "texttoolUITests" */ = {
			isa = XCConfigurationList;
			buildConfigurations = (
				FF0B34632EEABCA500310EBB /* Debug */,
				FF0B34642EEABCA500310EBB /* Release */,
			);
			defaultConfigurationIsVisible = 0;
			defaultConfigurationName = Release;
		};
/* End XCConfigurationList section */

/* Begin XCRemoteSwiftPackageReference section */
		FF0B65041EABCDEF00310EBB /* XCRemoteSwiftPackageReference "SVGPath" */ = {
			isa = XCRemoteSwiftPackageReference;
			repositoryURL = "https://github.com/nicklockwood/SVGPath.git";
			requirement = {
				kind = upToNextMinorVersion;
				minimumVersion = 1.3.0;
			};
		};
/* End XCRemoteSwiftPackageReference section */

/* Begin XCSwiftPackageProductDependency section */
		AC00000200000002000000AC /* SVGPath */ = {
			isa = XCSwiftPackageProductDependency;
			package = FF0B65041EABCDEF00310EBB /* XCRemoteSwiftPackageReference "SVGPath" */;
			productName = SVGPath;
		};
		FF0B65031EABCDEF00310EBB /* SVGPath */ = {
			isa = XCSwiftPackageProductDependency;
			package = FF0B65041EABCDEF00310EBB /* XCRemoteSwiftPackageReference "SVGPath" */;
			productName = SVGPath;
		};
/* End XCSwiftPackageProductDependency section */
	};
	rootObject = FF0B34312EEABCA300310EBB /* Project object */;
}
